
Microsoft Visual Studio Solution File, Format Version 12.00
Project("{FAE04EC0-301F-11D3-BF4B-00C04F79EFBC}") = "RestaurantSimulator", "RestaurantSimulator\RestaurantSimulator.csproj", "{D7E807CF-663E-4471-843C-FF95D75DA4AF}"
EndProject
Global
	GlobalSection(SolutionConfigurationPlatforms) = preSolution
		Debug|Any CPU = Debug|Any CPU
		Release|Any CPU = Release|Any CPU
	EndGlobalSection
	GlobalSection(ProjectConfigurationPlatforms) = postSolution
		{D7E807CF-663E-4471-843C-FF95D75DA4AF}.Debug|Any CPU.ActiveCfg = Debug|Any CPU
		{D7E807CF-663E-4471-843C-FF95D75DA4AF}.Debug|Any CPU.Build.0 = Debug|Any CPU
		{D7E807CF-663E-4471-843C-FF95D75DA4AF}.Release|Any CPU.ActiveCfg = Release|Any CPU
		{D7E807CF-663E-4471-843C-FF95D75DA4AF}.Release|Any CPU.Build.0 = Release|Any CPU
	EndGlobalSection
EndGlobal
